
Microsoft Visual Studio Solution File, Format Version 12.00
# Visual Studio Version 17
VisualStudioVersion = 17.7.34031.279
MinimumVisualStudioVersion = 10.0.40219.1
Project("{2150E333-8FDC-42A3-9474-1A3956D46DE8}") = "Solution Items", "Solution Items", "{C2F1E8C7-576C-4988-B795-C9C973BACF96}"
	ProjectSection(SolutionItems) = preProject
		docker-compose.yml = docker-compose.yml
	EndProjectSection
EndProject
Project("{9A19103F-16F7-4668-BE54-9A1E7A4F7556}") = "AuctionService", "src\AuctionService\AuctionService.csproj", "{9A3701B2-4435-4C08-98B3-89FEB7848F41}"
EndProject
Project("{2150E333-8FDC-42A3-9474-1A3956D46DE8}") = "src", "src", "{01E3F386-5211-4848-991E-D58D4B410E64}"
EndProject
Global
	GlobalSection(SolutionConfigurationPlatforms) = preSolution
		Debug|Any CPU = Debug|Any CPU
		Release|Any CPU = Release|Any CPU
	EndGlobalSection
	GlobalSection(ProjectConfigurationPlatforms) = postSolution
		{9A3701B2-4435-4C08-98B3-89FEB7848F41}.Debug|Any CPU.ActiveCfg = Debug|Any CPU
		{9A3701B2-4435-4C08-98B3-89FEB7848F41}.Debug|Any CPU.Build.0 = Debug|Any CPU
		{9A3701B2-4435-4C08-98B3-89FEB7848F41}.Release|Any CPU.ActiveCfg = Release|Any CPU
		{9A3701B2-4435-4C08-98B3-89FEB7848F41}.Release|Any CPU.Build.0 = Release|Any CPU
	EndGlobalSection
	GlobalSection(SolutionProperties) = preSolution
		HideSolutionNode = FALSE
	EndGlobalSection
	GlobalSection(NestedProjects) = preSolution
		{9A3701B2-4435-4C08-98B3-89FEB7848F41} = {01E3F386-5211-4848-991E-D58D4B410E64}
	EndGlobalSection
	GlobalSection(ExtensibilityGlobals) = postSolution
		SolutionGuid = {E8A0D407-F0FA-48BE-B004-3CE9F955E2F3}
	EndGlobalSection
EndGlobal
